{
  "name": "vue-rx-decorator",
  "version": "0.0.1",
  "lockfileVersion": 1,
  "requires": true,
  "dependencies": {
    "rxjs": {
      "version": "6.3.2",
      "resolved": "https://registry.npmjs.org/rxjs/-/rxjs-6.3.2.tgz",
      "integrity": "sha512-hV7criqbR0pe7EeL3O66UYVg92IR0XsA97+9y+BWTePK9SKmEI5Qd3Zj6uPnGkNzXsBywBQWTvujPl+1Kn9Zjw==",
      "requires": {
        "tslib": "1.9.3"
      }
    },
    "tslib": {
      "version": "1.9.3",
      "resolved": "https://registry.npmjs.org/tslib/-/tslib-1.9.3.tgz",
      "integrity": "sha512-4krF8scpejhaOgqzBEcGM7yDIEfi0/8+8zDRZhNZZ2kjmHJ4hv3zCbQWxoJGz1iw5U0Jl0nma13xzHXcncMavQ=="
    },
    "typescript": {
      "version": "3.0.3",
      "resolved": "https://registry.npmjs.org/typescript/-/typescript-3.0.3.tgz",
      "integrity": "sha512-kk80vLW9iGtjMnIv11qyxLqZm20UklzuR2tL0QAnDIygIUIemcZMxlMWudl9OOt76H3ntVzcTiddQ1/pAAJMYg==",
      "dev": true
    },
    "vue": {
      "version": "2.5.17",
      "resolved": "https://registry.npmjs.org/vue/-/vue-2.5.17.tgz",
      "integrity": "sha512-mFbcWoDIJi0w0Za4emyLiW72Jae0yjANHbCVquMKijcavBGypqlF7zHRgMa5k4sesdv7hv2rB4JPdZfR+TPfhQ=="
    },
    "vue-class-component": {
      "version": "6.2.0",
      "resolved": "https://registry.npmjs.org/vue-class-component/-/vue-class-component-6.2.0.tgz",
      "integrity": "sha512-U11yVeP5zjPSx4IU7Zas3MLC+Vy9dmufI+uLKLo8YuGQJGOihSYfh/fgNnbjMteN+hz5axjG6iC6ybMo6vGYnA=="
    },
    "vue-rx": {
      "version": "6.0.1",
      "resolved": "https://registry.npmjs.org/vue-rx/-/vue-rx-6.0.1.tgz",
      "integrity": "sha512-KapdvAjJolCezpuN0ScYZnd6yO6iG5wVa1idqduhEh6tO/7EJlPF6kVbsmgOVULLP0XotTAJQdN9PVh/ckPFNA=="
    }
  }
}
