{
  "name": "vue-rx-decorator",
  "version": "0.0.1",
  "lockfileVersion": 1,
  "requires": true,
  "dependencies": {
    "typescript": {
      "version": "3.0.3",
      "resolved": "https://registry.npmjs.org/typescript/-/typescript-3.0.3.tgz",
      "integrity": "sha512-kk80vLW9iGtjMnIv11qyxLqZm20UklzuR2tL0QAnDIygIUIemcZMxlMWudl9OOt76H3ntVzcTiddQ1/pAAJMYg==",
      "dev": true
    },
    "vue": {
      "version": "2.5.17",
      "resolved": "https://registry.npmjs.org/vue/-/vue-2.5.17.tgz",
      "integrity": "sha512-mFbcWoDIJi0w0Za4emyLiW72Jae0yjANHbCVquMKijcavBGypqlF7zHRgMa5k4sesdv7hv2rB4JPdZfR+TPfhQ==",
      "dev": true
    },
    "vue-class-component": {
      "version": "6.2.0",
      "resolved": "https://registry.npmjs.org/vue-class-component/-/vue-class-component-6.2.0.tgz",
      "integrity": "sha512-U11yVeP5zjPSx4IU7Zas3MLC+Vy9dmufI+uLKLo8YuGQJGOihSYfh/fgNnbjMteN+hz5axjG6iC6ybMo6vGYnA==",
      "dev": true
    },
    "vue-rx": {
      "version": "6.0.1",
      "resolved": "https://registry.npmjs.org/vue-rx/-/vue-rx-6.0.1.tgz",
      "integrity": "sha512-KapdvAjJolCezpuN0ScYZnd6yO6iG5wVa1idqduhEh6tO/7EJlPF6kVbsmgOVULLP0XotTAJQdN9PVh/ckPFNA==",
      "dev": true
    }
  }
}
